
Microsoft Visual Studio Solution File, Format Version 12.00
Project("{FAE04EC0-301F-11D3-BF4B-00C04F79EFBC}") = "SmartLaundry", "SmartLaundry\SmartLaundry.csproj", "{7F0BA9F6-4A1A-4FAC-BBD6-48C59847765B}"
EndProject
Global
	GlobalSection(SolutionConfigurationPlatforms) = preSolution
		Debug|Any CPU = Debug|Any CPU
		Release|Any CPU = Release|Any CPU
	EndGlobalSection
	GlobalSection(ProjectConfigurationPlatforms) = postSolution
		{7F0BA9F6-4A1A-4FAC-BBD6-48C59847765B}.Debug|Any CPU.ActiveCfg = Debug|Any CPU
		{7F0BA9F6-4A1A-4FAC-BBD6-48C59847765B}.Debug|Any CPU.Build.0 = Debug|Any CPU
		{7F0BA9F6-4A1A-4FAC-BBD6-48C59847765B}.Release|Any CPU.ActiveCfg = Release|Any CPU
		{7F0BA9F6-4A1A-4FAC-BBD6-48C59847765B}.Release|Any CPU.Build.0 = Release|Any CPU
	EndGlobalSection
EndGlobal
